<Solution>
  <Project Path="CookWizard.Api/CookWizard.Api.csproj" />
  <Project Path="CookWizard.Application/CookWizard.Application.csproj" />
  <Project Path="CookWizard.Domain/CookWizard.Domain.csproj" />
  <Project Path="CookWizard.Infraestructure/CookWizard.Infraestructure.csproj" />
</Solution>
